{
  "nodes": {
    "flake-utils": {
      "locked": {
        "lastModified": 1619345332,
        "narHash": "sha256-qHnQkEp1uklKTpx3MvKtY6xzgcqXDsz5nLilbbuL+3A=",
        "owner": "numtide",
        "repo": "flake-utils",
        "rev": "2ebf2558e5bf978c7fb8ea927dfaed8fefab2e28",
        "type": "github"
      },
      "original": {
        "owner": "numtide",
        "repo": "flake-utils",
        "type": "github"
      }
    },
    "home-manager": {
      "inputs": {
        "nixpkgs": "nixpkgs"
      },
      "locked": {
        "lastModified": 1617824794,
        "narHash": "sha256-UGkvzx0nIXHhNq/KwJLjXvKAQRE2V33MuX+UirvqrkQ=",
        "owner": "nix-community",
        "repo": "home-manager",
        "rev": "2aa20ae969f2597c4df10a094440a66e9d7f8c86",
        "type": "github"
      },
      "original": {
        "owner": "nix-community",
        "ref": "release-20.09",
        "repo": "home-manager",
        "type": "github"
      }
    },
    "nixpkgs": {
      "locked": {
        "lastModified": 1619641082,
        "narHash": "sha256-LVTBOK0FC28E+WyOv+ZWQSrzR8q3k62wDNHl/PLn6d8=",
        "owner": "NixOS",
        "repo": "nixpkgs",
        "rev": "dcbf56a1025e35bdf323e2c8a4273ee79de63b6e",
        "type": "github"
      },
      "original": {
        "id": "nixpkgs",
        "type": "indirect"
      }
    },
    "nixpkgs-kinnison": {
      "locked": {
        "lastModified": 1619640726,
        "narHash": "sha256-Mqyjm5OXdHswufzznxahT7iWe/l9Q0MKON/zqvErfKo=",
        "owner": "kinnison",
        "repo": "nixpkgs",
        "rev": "c93888b3a90ad42b33716c61afa13653f18c03b4",
        "type": "github"
      },
      "original": {
        "owner": "kinnison",
        "ref": "update-vscode-python",
        "repo": "nixpkgs",
        "type": "github"
      }
    },
    "nixpkgs-unstable": {
      "locked": {
        "lastModified": 1619464443,
        "narHash": "sha256-R7WAb8EnkIJxxaF6GTHUPytjonhB4Zm0iatyWoW169A=",
        "owner": "nixos",
        "repo": "nixpkgs",
        "rev": "8e4fe32876ca15e3d5eb3ecd3ca0b224417f5f17",
        "type": "github"
      },
      "original": {
        "owner": "nixos",
        "ref": "nixos-unstable",
        "repo": "nixpkgs",
        "type": "github"
      }
    },
    "nixpkgs_2": {
      "locked": {
        "lastModified": 1619562671,
        "narHash": "sha256-iDDaFkroxzRKuxvrpZJoTt+X9gGsDPCfYYl2DLRdVJA=",
        "owner": "nixos",
        "repo": "nixpkgs",
        "rev": "17b101e29dfff7ae02cdd00e8cde243d2a56472d",
        "type": "github"
      },
      "original": {
        "owner": "nixos",
        "ref": "nixos-20.09",
        "repo": "nixpkgs",
        "type": "github"
      }
    },
    "root": {
      "inputs": {
        "flake-utils": "flake-utils",
        "home-manager": "home-manager",
        "nixpkgs": "nixpkgs_2",
        "nixpkgs-kinnison": "nixpkgs-kinnison",
        "nixpkgs-unstable": "nixpkgs-unstable"
      }
    }
  },
  "root": "root",
  "version": 7
}
